// !$*UTF8*$!
{
	archiveVersion = 1;
	classes = {
	};
	objectVersion = 55;
	objects = {

/* Begin PBXBuildFile section */
		3B06426B912D92AD25F6E56F /* Pods_NIBM_ParkingTests.framework in Frameworks */ = {isa = PBXBuildFile; fileRef = 1C3E812FA1229234101592F3 /* Pods_NIBM_ParkingTests.framework */; };
		7864011486162EFAE2B61A66 /* Pods_NIBM_Parking.framework in Frameworks */ = {isa = PBXBuildFile; fileRef = B43CB1466BD79E63F312FC0F /* Pods_NIBM_Parking.framework */; };
		B1002671274EB0CF00906922 /* Home.swift in Sources */ = {isa = PBXBuildFile; fileRef = B1002670274EB0CF00906922 /* Home.swift */; };
		B1002679274F2C2C00906922 /* SignIn.swift in Sources */ = {isa = PBXBuildFile; fileRef = B1002678274F2C2C00906922 /* SignIn.swift */; };
		B100267B274F2DA300906922 /* AuthView.swift in Sources */ = {isa = PBXBuildFile; fileRef = B100267A274F2DA300906922 /* AuthView.swift */; };
		B100267D274F2E4700906922 /* SignUp.swift in Sources */ = {isa = PBXBuildFile; fileRef = B100267C274F2E4700906922 /* SignUp.swift */; };
		B100267F274F2EA500906922 /* HomeView.swift in Sources */ = {isa = PBXBuildFile; fileRef = B100267E274F2EA500906922 /* HomeView.swift */; };
		B1002681274F2F6B00906922 /* UserModel.swift in Sources */ = {isa = PBXBuildFile; fileRef = B1002680274F2F6B00906922 /* UserModel.swift */; };
		B11D3D812747EFF100D60669 /* Launch Screen.storyboard in Resources */ = {isa = PBXBuildFile; fileRef = B11D3D802747EFF100D60669 /* Launch Screen.storyboard */; };
		B11D3D822747EFF100D60669 /* Launch Screen.storyboard in Resources */ = {isa = PBXBuildFile; fileRef = B11D3D802747EFF100D60669 /* Launch Screen.storyboard */; };
		B11D3D832747EFF100D60669 /* Launch Screen.storyboard in Resources */ = {isa = PBXBuildFile; fileRef = B11D3D802747EFF100D60669 /* Launch Screen.storyboard */; };
		B195B982274D286B005274B6 /* CodeScanner in Frameworks */ = {isa = PBXBuildFile; productRef = B195B981274D286B005274B6 /* CodeScanner */; };
		B195B984274D53B6005274B6 /* Settingview.swift in Sources */ = {isa = PBXBuildFile; fileRef = B195B983274D53B6005274B6 /* Settingview.swift */; };
		B195B985274D53B6005274B6 /* Settingview.swift in Sources */ = {isa = PBXBuildFile; fileRef = B195B983274D53B6005274B6 /* Settingview.swift */; };
		B195B986274D53B6005274B6 /* Settingview.swift in Sources */ = {isa = PBXBuildFile; fileRef = B195B983274D53B6005274B6 /* Settingview.swift */; };
		B1B7CDDF27607B7400AD9965 /* password reset.swift in Sources */ = {isa = PBXBuildFile; fileRef = B1B7CDDE27607B7400AD9965 /* password reset.swift */; };
		B1B8AF072750000300FAE22E /* Booking.swift in Sources */ = {isa = PBXBuildFile; fileRef = B1B8AF062750000300FAE22E /* Booking.swift */; };
		B1ED389E2743CA210042FA81 /* GoogleService-Info.plist in Resources */ = {isa = PBXBuildFile; fileRef = B1ED389D2743CA210042FA81 /* GoogleService-Info.plist */; };
		B1ED389F2743CA210042FA81 /* GoogleService-Info.plist in Resources */ = {isa = PBXBuildFile; fileRef = B1ED389D2743CA210042FA81 /* GoogleService-Info.plist */; };
		B1ED38A02743CA210042FA81 /* GoogleService-Info.plist in Resources */ = {isa = PBXBuildFile; fileRef = B1ED389D2743CA210042FA81 /* GoogleService-Info.plist */; };
		D68454BF104F3432733B2450 /* Pods_NIBM_Parking_NIBM_ParkingUITests.framework in Frameworks */ = {isa = PBXBuildFile; fileRef = 0091ED0AD0263ED5C2DDD00B /* Pods_NIBM_Parking_NIBM_ParkingUITests.framework */; };
		EAE11C9B273CF2400020B8EB /* NIBM_ParkingApp.swift in Sources */ = {isa = PBXBuildFile; fileRef = EAE11C9A273CF2400020B8EB /* NIBM_ParkingApp.swift */; };
		EAE11C9D273CF2400020B8EB /* ContentView.swift in Sources */ = {isa = PBXBuildFile; fileRef = EAE11C9C273CF2400020B8EB /* ContentView.swift */; };
		EAE11C9F273CF2420020B8EB /* Assets.xcassets in Resources */ = {isa = PBXBuildFile; fileRef = EAE11C9E273CF2420020B8EB /* Assets.xcassets */; };
		EAE11CA2273CF2420020B8EB /* Preview Assets.xcassets in Resources */ = {isa = PBXBuildFile; fileRef = EAE11CA1273CF2420020B8EB /* Preview Assets.xcassets */; };
		EAE11CAC273CF2420020B8EB /* NIBM_ParkingTests.swift in Sources */ = {isa = PBXBuildFile; fileRef = EAE11CAB273CF2420020B8EB /* NIBM_ParkingTests.swift */; };
		EAE11CB6273CF2420020B8EB /* NIBM_ParkingUITests.swift in Sources */ = {isa = PBXBuildFile; fileRef = EAE11CB5273CF2420020B8EB /* NIBM_ParkingUITests.swift */; };
		EAE11CB8273CF2420020B8EB /* NIBM_ParkingUITestsLaunchTests.swift in Sources */ = {isa = PBXBuildFile; fileRef = EAE11CB7273CF2420020B8EB /* NIBM_ParkingUITestsLaunchTests.swift */; };
/* End PBXBuildFile section */

/* Begin PBXContainerItemProxy section */
		EAE11CA8273CF2420020B8EB /* PBXContainerItemProxy */ = {
			isa = PBXContainerItemProxy;
			containerPortal = EAE11C8F273CF2400020B8EB /* Project object */;
			proxyType = 1;
			remoteGlobalIDString = EAE11C96273CF2400020B8EB;
			remoteInfo = "NIBM Parking";
		};
		EAE11CB2273CF2420020B8EB /* PBXContainerItemProxy */ = {
			isa = PBXContainerItemProxy;
			containerPortal = EAE11C8F273CF2400020B8EB /* Project object */;
			proxyType = 1;
			remoteGlobalIDString = EAE11C96273CF2400020B8EB;
			remoteInfo = "NIBM Parking";
		};
/* End PBXContainerItemProxy section */

/* Begin PBXFileReference section */
		0091ED0AD0263ED5C2DDD00B /* Pods_NIBM_Parking_NIBM_ParkingUITests.framework */ = {isa = PBXFileReference; explicitFileType = wrapper.framework; includeInIndex = 0; path = Pods_NIBM_Parking_NIBM_ParkingUITests.framework; sourceTree = BUILT_PRODUCTS_DIR; };
		0DC48ECF1136738B631BBCC0 /* Pods-NIBM ParkingTests.release.xcconfig */ = {isa = PBXFileReference; includeInIndex = 1; lastKnownFileType = text.xcconfig; name = "Pods-NIBM ParkingTests.release.xcconfig"; path = "Target Support Files/Pods-NIBM ParkingTests/Pods-NIBM ParkingTests.release.xcconfig"; sourceTree = "<group>"; };
		1C3E812FA1229234101592F3 /* Pods_NIBM_ParkingTests.framework */ = {isa = PBXFileReference; explicitFileType = wrapper.framework; includeInIndex = 0; path = Pods_NIBM_ParkingTests.framework; sourceTree = BUILT_PRODUCTS_DIR; };
		28E72CA119319D3B043243F1 /* Pods-NIBM Parking.debug.xcconfig */ = {isa = PBXFileReference; includeInIndex = 1; lastKnownFileType = text.xcconfig; name = "Pods-NIBM Parking.debug.xcconfig"; path = "Target Support Files/Pods-NIBM Parking/Pods-NIBM Parking.debug.xcconfig"; sourceTree = "<group>"; };
		3BC62746750590EB8D1C28E4 /* Pods-NIBM ParkingTests.debug.xcconfig */ = {isa = PBXFileReference; includeInIndex = 1; lastKnownFileType = text.xcconfig; name = "Pods-NIBM ParkingTests.debug.xcconfig"; path = "Target Support Files/Pods-NIBM ParkingTests/Pods-NIBM ParkingTests.debug.xcconfig"; sourceTree = "<group>"; };
		B1002670274EB0CF00906922 /* Home.swift */ = {isa = PBXFileReference; lastKnownFileType = sourcecode.swift; path = Home.swift; sourceTree = "<group>"; };
		B1002678274F2C2C00906922 /* SignIn.swift */ = {isa = PBXFileReference; lastKnownFileType = sourcecode.swift; path = SignIn.swift; sourceTree = "<group>"; };
		B100267A274F2DA300906922 /* AuthView.swift */ = {isa = PBXFileReference; lastKnownFileType = sourcecode.swift; path = AuthView.swift; sourceTree = "<group>"; };
		B100267C274F2E4700906922 /* SignUp.swift */ = {isa = PBXFileReference; lastKnownFileType = sourcecode.swift; path = SignUp.swift; sourceTree = "<group>"; };
		B100267E274F2EA500906922 /* HomeView.swift */ = {isa = PBXFileReference; lastKnownFileType = sourcecode.swift; path = HomeView.swift; sourceTree = "<group>"; };
		B1002680274F2F6B00906922 /* UserModel.swift */ = {isa = PBXFileReference; lastKnownFileType = sourcecode.swift; path = UserModel.swift; sourceTree = "<group>"; };
		B11D3D802747EFF100D60669 /* Launch Screen.storyboard */ = {isa = PBXFileReference; lastKnownFileType = file.storyboard; path = "Launch Screen.storyboard"; sourceTree = "<group>"; };
		B129D333274F7FA300F321AE /* NIBM-Parking-Info.plist */ = {isa = PBXFileReference; lastKnownFileType = text.plist; path = "NIBM-Parking-Info.plist"; sourceTree = SOURCE_ROOT; };
		B195B983274D53B6005274B6 /* Settingview.swift */ = {isa = PBXFileReference; lastKnownFileType = sourcecode.swift; path = Settingview.swift; sourceTree = "<group>"; };
		B1B7CDDE27607B7400AD9965 /* password reset.swift */ = {isa = PBXFileReference; lastKnownFileType = sourcecode.swift; path = "password reset.swift"; sourceTree = "<group>"; };
		B1B8AF062750000300FAE22E /* Booking.swift */ = {isa = PBXFileReference; lastKnownFileType = sourcecode.swift; path = Booking.swift; sourceTree = "<group>"; };
		B1ED389D2743CA210042FA81 /* GoogleService-Info.plist */ = {isa = PBXFileReference; fileEncoding = 4; lastKnownFileType = text.plist.xml; path = "GoogleService-Info.plist"; sourceTree = "<group>"; };
		B3AA069F79F624332B993DF0 /* Pods-NIBM Parking.release.xcconfig */ = {isa = PBXFileReference; includeInIndex = 1; lastKnownFileType = text.xcconfig; name = "Pods-NIBM Parking.release.xcconfig"; path = "Target Support Files/Pods-NIBM Parking/Pods-NIBM Parking.release.xcconfig"; sourceTree = "<group>"; };
		B43CB1466BD79E63F312FC0F /* Pods_NIBM_Parking.framework */ = {isa = PBXFileReference; explicitFileType = wrapper.framework; includeInIndex = 0; path = Pods_NIBM_Parking.framework; sourceTree = BUILT_PRODUCTS_DIR; };
		BFDCA4BBD4D4B37DD6DF6D8D /* Pods-NIBM Parking-NIBM ParkingUITests.debug.xcconfig */ = {isa = PBXFileReference; includeInIndex = 1; lastKnownFileType = text.xcconfig; name = "Pods-NIBM Parking-NIBM ParkingUITests.debug.xcconfig"; path = "Target Support Files/Pods-NIBM Parking-NIBM ParkingUITests/Pods-NIBM Parking-NIBM ParkingUITests.debug.xcconfig"; sourceTree = "<group>"; };
		EAE11C97273CF2400020B8EB /* NIBM Parking.app */ = {isa = PBXFileReference; explicitFileType = wrapper.application; includeInIndex = 0; path = "NIBM Parking.app"; sourceTree = BUILT_PRODUCTS_DIR; };
		EAE11C9A273CF2400020B8EB /* NIBM_ParkingApp.swift */ = {isa = PBXFileReference; lastKnownFileType = sourcecode.swift; path = NIBM_ParkingApp.swift; sourceTree = "<group>"; };
		EAE11C9C273CF2400020B8EB /* ContentView.swift */ = {isa = PBXFileReference; lastKnownFileType = sourcecode.swift; path = ContentView.swift; sourceTree = "<group>"; };
		EAE11C9E273CF2420020B8EB /* Assets.xcassets */ = {isa = PBXFileReference; lastKnownFileType = folder.assetcatalog; path = Assets.xcassets; sourceTree = "<group>"; };
		EAE11CA1273CF2420020B8EB /* Preview Assets.xcassets */ = {isa = PBXFileReference; lastKnownFileType = folder.assetcatalog; path = "Preview Assets.xcassets"; sourceTree = "<group>"; };
		EAE11CA7273CF2420020B8EB /* NIBM ParkingTests.xctest */ = {isa = PBXFileReference; explicitFileType = wrapper.cfbundle; includeInIndex = 0; path = "NIBM ParkingTests.xctest"; sourceTree = BUILT_PRODUCTS_DIR; };
		EAE11CAB273CF2420020B8EB /* NIBM_ParkingTests.swift */ = {isa = PBXFileReference; lastKnownFileType = sourcecode.swift; path = NIBM_ParkingTests.swift; sourceTree = "<group>"; };
		EAE11CB1273CF2420020B8EB /* NIBM ParkingUITests.xctest */ = {isa = PBXFileReference; explicitFileType = wrapper.cfbundle; includeInIndex = 0; path = "NIBM ParkingUITests.xctest"; sourceTree = BUILT_PRODUCTS_DIR; };
		EAE11CB5273CF2420020B8EB /* NIBM_ParkingUITests.swift */ = {isa = PBXFileReference; lastKnownFileType = sourcecode.swift; path = NIBM_ParkingUITests.swift; sourceTree = "<group>"; };
		EAE11CB7273CF2420020B8EB /* NIBM_ParkingUITestsLaunchTests.swift */ = {isa = PBXFileReference; lastKnownFileType = sourcecode.swift; path = NIBM_ParkingUITestsLaunchTests.swift; sourceTree = "<group>"; };
		EE156A346AA8ACB071E4B989 /* Pods-NIBM Parking-NIBM ParkingUITests.release.xcconfig */ = {isa = PBXFileReference; includeInIndex = 1; lastKnownFileType = text.xcconfig; name = "Pods-NIBM Parking-NIBM ParkingUITests.release.xcconfig"; path = "Target Support Files/Pods-NIBM Parking-NIBM ParkingUITests/Pods-NIBM Parking-NIBM ParkingUITests.release.xcconfig"; sourceTree = "<group>"; };
/* End PBXFileReference section */

/* Begin PBXFrameworksBuildPhase section */
		EAE11C94273CF2400020B8EB /* Frameworks */ = {
			isa = PBXFrameworksBuildPhase;
			buildActionMask = 2147483647;
			files = (
				B195B982274D286B005274B6 /* CodeScanner in Frameworks */,
				7864011486162EFAE2B61A66 /* Pods_NIBM_Parking.framework in Frameworks */,
			);
			runOnlyForDeploymentPostprocessing = 0;
		};
		EAE11CA4273CF2420020B8EB /* Frameworks */ = {
			isa = PBXFrameworksBuildPhase;
			buildActionMask = 2147483647;
			files = (
				3B06426B912D92AD25F6E56F /* Pods_NIBM_ParkingTests.framework in Frameworks */,
			);
			runOnlyForDeploymentPostprocessing = 0;
		};
		EAE11CAE273CF2420020B8EB /* Frameworks */ = {
			isa = PBXFrameworksBuildPhase;
			buildActionMask = 2147483647;
			files = (
				D68454BF104F3432733B2450 /* Pods_NIBM_Parking_NIBM_ParkingUITests.framework in Frameworks */,
			);
			runOnlyForDeploymentPostprocessing = 0;
		};
/* End PBXFrameworksBuildPhase section */

/* Begin PBXGroup section */
		5417AE1419DA8B241C888F55 /* Frameworks */ = {
			isa = PBXGroup;
			children = (
				B43CB1466BD79E63F312FC0F /* Pods_NIBM_Parking.framework */,
				1C3E812FA1229234101592F3 /* Pods_NIBM_ParkingTests.framework */,
				0091ED0AD0263ED5C2DDD00B /* Pods_NIBM_Parking_NIBM_ParkingUITests.framework */,
			);
			name = Frameworks;
			sourceTree = "<group>";
		};
		B0231CABECA5CC287A9762BA /* Pods */ = {
			isa = PBXGroup;
			children = (
				28E72CA119319D3B043243F1 /* Pods-NIBM Parking.debug.xcconfig */,
				B3AA069F79F624332B993DF0 /* Pods-NIBM Parking.release.xcconfig */,
				BFDCA4BBD4D4B37DD6DF6D8D /* Pods-NIBM Parking-NIBM ParkingUITests.debug.xcconfig */,
				EE156A346AA8ACB071E4B989 /* Pods-NIBM Parking-NIBM ParkingUITests.release.xcconfig */,
				3BC62746750590EB8D1C28E4 /* Pods-NIBM ParkingTests.debug.xcconfig */,
				0DC48ECF1136738B631BBCC0 /* Pods-NIBM ParkingTests.release.xcconfig */,
			);
			path = Pods;
			sourceTree = "<group>";
		};
		B1002673274F2A9300906922 /* View */ = {
			isa = PBXGroup;
			children = (
				B1002678274F2C2C00906922 /* SignIn.swift */,
				B100267C274F2E4700906922 /* SignUp.swift */,
				B100267E274F2EA500906922 /* HomeView.swift */,
			);
			path = View;
			sourceTree = "<group>";
		};
		B1722D34274E20F900ED5A9D /* Views */ = {
			isa = PBXGroup;
			children = (
				B11D3D802747EFF100D60669 /* Launch Screen.storyboard */,
				B1002670274EB0CF00906922 /* Home.swift */,
				B195B983274D53B6005274B6 /* Settingview.swift */,
			);
			path = Views;
			sourceTree = "<group>";
		};
		B1722D35274E214900ED5A9D /* Models */ = {
			isa = PBXGroup;
			children = (
				B1002680274F2F6B00906922 /* UserModel.swift */,
			);
			path = Models;
			sourceTree = "<group>";
		};
		B1722D37274E218C00ED5A9D /* ViewModels */ = {
			isa = PBXGroup;
			children = (
				B100267A274F2DA300906922 /* AuthView.swift */,
			);
			path = ViewModels;
			sourceTree = "<group>";
		};
		EAE11C8E273CF2400020B8EB = {
			isa = PBXGroup;
			children = (
				EAE11C99273CF2400020B8EB /* NIBM Parking */,
				EAE11CAA273CF2420020B8EB /* NIBM ParkingTests */,
				EAE11CB4273CF2420020B8EB /* NIBM ParkingUITests */,
				EAE11C98273CF2400020B8EB /* Products */,
				B0231CABECA5CC287A9762BA /* Pods */,
				5417AE1419DA8B241C888F55 /* Frameworks */,
			);
			sourceTree = "<group>";
		};
		EAE11C98273CF2400020B8EB /* Products */ = {
			isa = PBXGroup;
			children = (
				EAE11C97273CF2400020B8EB /* NIBM Parking.app */,
				EAE11CA7273CF2420020B8EB /* NIBM ParkingTests.xctest */,
				EAE11CB1273CF2420020B8EB /* NIBM ParkingUITests.xctest */,
			);
			name = Products;
			sourceTree = "<group>";
		};
		EAE11C99273CF2400020B8EB /* NIBM Parking */ = {
			isa = PBXGroup;
			children = (
				B129D333274F7FA300F321AE /* NIBM-Parking-Info.plist */,
				B1002673274F2A9300906922 /* View */,
				B1722D37274E218C00ED5A9D /* ViewModels */,
				B1722D35274E214900ED5A9D /* Models */,
				B1722D34274E20F900ED5A9D /* Views */,
				B1ED389D2743CA210042FA81 /* GoogleService-Info.plist */,
				EAE11C9A273CF2400020B8EB /* NIBM_ParkingApp.swift */,
				EAE11C9C273CF2400020B8EB /* ContentView.swift */,
				EAE11C9E273CF2420020B8EB /* Assets.xcassets */,
				EAE11CA0273CF2420020B8EB /* Preview Content */,
				B1B8AF062750000300FAE22E /* Booking.swift */,
				B1B7CDDE27607B7400AD9965 /* password reset.swift */,
			);
			path = "NIBM Parking";
			sourceTree = "<group>";
		};
		EAE11CA0273CF2420020B8EB /* Preview Content */ = {
			isa = PBXGroup;
			children = (
				EAE11CA1273CF2420020B8EB /* Preview Assets.xcassets */,
			);
			path = "Preview Content";
			sourceTree = "<group>";
		};
		EAE11CAA273CF2420020B8EB /* NIBM ParkingTests */ = {
			isa = PBXGroup;
			children = (
				EAE11CAB273CF2420020B8EB /* NIBM_ParkingTests.swift */,
			);
			path = "NIBM ParkingTests";
			sourceTree = "<group>";
		};
		EAE11CB4273CF2420020B8EB /* NIBM ParkingUITests */ = {
			isa = PBXGroup;
			children = (
				EAE11CB5273CF2420020B8EB /* NIBM_ParkingUITests.swift */,
				EAE11CB7273CF2420020B8EB /* NIBM_ParkingUITestsLaunchTests.swift */,
			);
			path = "NIBM ParkingUITests";
			sourceTree = "<group>";
		};
/* End PBXGroup section */

/* Begin PBXNativeTarget section */
		EAE11C96273CF2400020B8EB /* NIBM Parking */ = {
			isa = PBXNativeTarget;
			buildConfigurationList = EAE11CBB273CF2420020B8EB /* Build configuration list for PBXNativeTarget "NIBM Parking" */;
			buildPhases = (
				A4087A4D8BA369493562DEE7 /* [CP] Check Pods Manifest.lock */,
				EAE11C93273CF2400020B8EB /* Sources */,
				EAE11C94273CF2400020B8EB /* Frameworks */,
				EAE11C95273CF2400020B8EB /* Resources */,
				BA3B29FCD5C1A1E4AD4F0E75 /* [CP] Embed Pods Frameworks */,
			);
			buildRules = (
			);
			dependencies = (
			);
			name = "NIBM Parking";
			packageProductDependencies = (
				B195B981274D286B005274B6 /* CodeScanner */,
			);
			productName = "NIBM Parking";
			productReference = EAE11C97273CF2400020B8EB /* NIBM Parking.app */;
			productType = "com.apple.product-type.application";
		};
		EAE11CA6273CF2420020B8EB /* NIBM ParkingTests */ = {
			isa = PBXNativeTarget;
			buildConfigurationList = EAE11CBE273CF2420020B8EB /* Build configuration list for PBXNativeTarget "NIBM ParkingTests" */;
			buildPhases = (
				60119D0450CE5A0BB690A56E /* [CP] Check Pods Manifest.lock */,
				EAE11CA3273CF2420020B8EB /* Sources */,
				EAE11CA4273CF2420020B8EB /* Frameworks */,
				EAE11CA5273CF2420020B8EB /* Resources */,
			);
			buildRules = (
			);
			dependencies = (
				EAE11CA9273CF2420020B8EB /* PBXTargetDependency */,
			);
			name = "NIBM ParkingTests";
			productName = "NIBM ParkingTests";
			productReference = EAE11CA7273CF2420020B8EB /* NIBM ParkingTests.xctest */;
			productType = "com.apple.product-type.bundle.unit-test";
		};
		EAE11CB0273CF2420020B8EB /* NIBM ParkingUITests */ = {
			isa = PBXNativeTarget;
			buildConfigurationList = EAE11CC1273CF2420020B8EB /* Build configuration list for PBXNativeTarget "NIBM ParkingUITests" */;
			buildPhases = (
				F11DB6F0E886CE4018CF5FF7 /* [CP] Check Pods Manifest.lock */,
				EAE11CAD273CF2420020B8EB /* Sources */,
				EAE11CAE273CF2420020B8EB /* Frameworks */,
				EAE11CAF273CF2420020B8EB /* Resources */,
				7BDFA0ABFBB54E64299C0A5D /* [CP] Embed Pods Frameworks */,
			);
			buildRules = (
			);
			dependencies = (
				EAE11CB3273CF2420020B8EB /* PBXTargetDependency */,
			);
			name = "NIBM ParkingUITests";
			productName = "NIBM ParkingUITests";
			productReference = EAE11CB1273CF2420020B8EB /* NIBM ParkingUITests.xctest */;
			productType = "com.apple.product-type.bundle.ui-testing";
		};
/* End PBXNativeTarget section */

/* Begin PBXProject section */
		EAE11C8F273CF2400020B8EB /* Project object */ = {
			isa = PBXProject;
			attributes = {
				BuildIndependentTargetsInParallel = 1;
				LastSwiftUpdateCheck = 1310;
				LastUpgradeCheck = 1310;
				TargetAttributes = {
					EAE11C96273CF2400020B8EB = {
						CreatedOnToolsVersion = 13.1;
					};
					EAE11CA6273CF2420020B8EB = {
						CreatedOnToolsVersion = 13.1;
						TestTargetID = EAE11C96273CF2400020B8EB;
					};
					EAE11CB0273CF2420020B8EB = {
						CreatedOnToolsVersion = 13.1;
						TestTargetID = EAE11C96273CF2400020B8EB;
					};
				};
			};
			buildConfigurationList = EAE11C92273CF2400020B8EB /* Build configuration list for PBXProject "NIBM Parking" */;
			compatibilityVersion = "Xcode 13.0";
			developmentRegion = en;
			hasScannedForEncodings = 0;
			knownRegions = (
				en,
				Base,
			);
			mainGroup = EAE11C8E273CF2400020B8EB;
			packageReferences = (
				B195B980274D286B005274B6 /* XCRemoteSwiftPackageReference "CodeScanner" */,
			);
			productRefGroup = EAE11C98273CF2400020B8EB /* Products */;
			projectDirPath = "";
			projectRoot = "";
			targets = (
				EAE11C96273CF2400020B8EB /* NIBM Parking */,
				EAE11CA6273CF2420020B8EB /* NIBM ParkingTests */,
				EAE11CB0273CF2420020B8EB /* NIBM ParkingUITests */,
			);
		};
/* End PBXProject section */

/* Begin PBXResourcesBuildPhase section */
		EAE11C95273CF2400020B8EB /* Resources */ = {
			isa = PBXResourcesBuildPhase;
			buildActionMask = 2147483647;
			files = (
				EAE11CA2273CF2420020B8EB /* Preview Assets.xcassets in Resources */,
				EAE11C9F273CF2420020B8EB /* Assets.xcassets in Resources */,
				B11D3D812747EFF100D60669 /* Launch Screen.storyboard in Resources */,
				B1ED389E2743CA210042FA81 /* GoogleService-Info.plist in Resources */,
			);
			runOnlyForDeploymentPostprocessing = 0;
		};
		EAE11CA5273CF2420020B8EB /* Resources */ = {
			isa = PBXResourcesBuildPhase;
			buildActionMask = 2147483647;
			files = (
				B11D3D822747EFF100D60669 /* Launch Screen.storyboard in Resources */,
				B1ED389F2743CA210042FA81 /* GoogleService-Info.plist in Resources */,
			);
			runOnlyForDeploymentPostprocessing = 0;
		};
		EAE11CAF273CF2420020B8EB /* Resources */ = {
			isa = PBXResourcesBuildPhase;
			buildActionMask = 2147483647;
			files = (
				B11D3D832747EFF100D60669 /* Launch Screen.storyboard in Resources */,
				B1ED38A02743CA210042FA81 /* GoogleService-Info.plist in Resources */,
			);
			runOnlyForDeploymentPostprocessing = 0;
		};
/* End PBXResourcesBuildPhase section */

/* Begin PBXShellScriptBuildPhase section */
		60119D0450CE5A0BB690A56E /* [CP] Check Pods Manifest.lock */ = {
			isa = PBXShellScriptBuildPhase;
			buildActionMask = 2147483647;
			files = (
			);
			inputFileListPaths = (
			);
			inputPaths = (
				"${PODS_PODFILE_DIR_PATH}/Podfile.lock",
				"${PODS_ROOT}/Manifest.lock",
			);
			name = "[CP] Check Pods Manifest.lock";
			outputFileListPaths = (
			);
			outputPaths = (
				"$(DERIVED_FILE_DIR)/Pods-NIBM ParkingTests-checkManifestLockResult.txt",
			);
			runOnlyForDeploymentPostprocessing = 0;
			shellPath = /bin/sh;
			shellScript = "diff \"${PODS_PODFILE_DIR_PATH}/Podfile.lock\" \"${PODS_ROOT}/Manifest.lock\" > /dev/null\nif [ $? != 0 ] ; then\n    # print error to STDERR\n    echo \"error: The sandbox is not in sync with the Podfile.lock. Run 'pod install' or update your CocoaPods installation.\" >&2\n    exit 1\nfi\n# This output is used by Xcode 'outputs' to avoid re-running this script phase.\necho \"SUCCESS\" > \"${SCRIPT_OUTPUT_FILE_0}\"\n";
			showEnvVarsInLog = 0;
		};
		7BDFA0ABFBB54E64299C0A5D /* [CP] Embed Pods Frameworks */ = {
			isa = PBXShellScriptBuildPhase;
			buildActionMask = 2147483647;
			files = (
			);
			inputFileListPaths = (
				"${PODS_ROOT}/Target Support Files/Pods-NIBM Parking-NIBM ParkingUITests/Pods-NIBM Parking-NIBM ParkingUITests-frameworks-${CONFIGURATION}-input-files.xcfilelist",
			);
			name = "[CP] Embed Pods Frameworks";
			outputFileListPaths = (
				"${PODS_ROOT}/Target Support Files/Pods-NIBM Parking-NIBM ParkingUITests/Pods-NIBM Parking-NIBM ParkingUITests-frameworks-${CONFIGURATION}-output-files.xcfilelist",
			);
			runOnlyForDeploymentPostprocessing = 0;
			shellPath = /bin/sh;
			shellScript = "\"${PODS_ROOT}/Target Support Files/Pods-NIBM Parking-NIBM ParkingUITests/Pods-NIBM Parking-NIBM ParkingUITests-frameworks.sh\"\n";
			showEnvVarsInLog = 0;
		};
		A4087A4D8BA369493562DEE7 /* [CP] Check Pods Manifest.lock */ = {
			isa = PBXShellScriptBuildPhase;
			buildActionMask = 2147483647;
			files = (
			);
			inputFileListPaths = (
			);
			inputPaths = (
				"${PODS_PODFILE_DIR_PATH}/Podfile.lock",
				"${PODS_ROOT}/Manifest.lock",
			);
			name = "[CP] Check Pods Manifest.lock";
			outputFileListPaths = (
			);
			outputPaths = (
				"$(DERIVED_FILE_DIR)/Pods-NIBM Parking-checkManifestLockResult.txt",
			);
			runOnlyForDeploymentPostprocessing = 0;
			shellPath = /bin/sh;
			shellScript = "diff \"${PODS_PODFILE_DIR_PATH}/Podfile.lock\" \"${PODS_ROOT}/Manifest.lock\" > /dev/null\nif [ $? != 0 ] ; then\n    # print error to STDERR\n    echo \"error: The sandbox is not in sync with the Podfile.lock. Run 'pod install' or update your CocoaPods installation.\" >&2\n    exit 1\nfi\n# This output is used by Xcode 'outputs' to avoid re-running this script phase.\necho \"SUCCESS\" > \"${SCRIPT_OUTPUT_FILE_0}\"\n";
			showEnvVarsInLog = 0;
		};
		BA3B29FCD5C1A1E4AD4F0E75 /* [CP] Embed Pods Frameworks */ = {
			isa = PBXShellScriptBuildPhase;
			buildActionMask = 2147483647;
			files = (
			);
			inputFileListPaths = (
				"${PODS_ROOT}/Target Support Files/Pods-NIBM Parking/Pods-NIBM Parking-frameworks-${CONFIGURATION}-input-files.xcfilelist",
			);
			name = "[CP] Embed Pods Frameworks";
			outputFileListPaths = (
				"${PODS_ROOT}/Target Support Files/Pods-NIBM Parking/Pods-NIBM Parking-frameworks-${CONFIGURATION}-output-files.xcfilelist",
			);
			runOnlyForDeploymentPostprocessing = 0;
			shellPath = /bin/sh;
			shellScript = "\"${PODS_ROOT}/Target Support Files/Pods-NIBM Parking/Pods-NIBM Parking-frameworks.sh\"\n";
			showEnvVarsInLog = 0;
		};
		F11DB6F0E886CE4018CF5FF7 /* [CP] Check Pods Manifest.lock */ = {
			isa = PBXShellScriptBuildPhase;
			buildActionMask = 2147483647;
			files = (
			);
			inputFileListPaths = (
			);
			inputPaths = (
				"${PODS_PODFILE_DIR_PATH}/Podfile.lock",
				"${PODS_ROOT}/Manifest.lock",
			);
			name = "[CP] Check Pods Manifest.lock";
			outputFileListPaths = (
			);
			outputPaths = (
				"$(DERIVED_FILE_DIR)/Pods-NIBM Parking-NIBM ParkingUITests-checkManifestLockResult.txt",
			);
			runOnlyForDeploymentPostprocessing = 0;
			shellPath = /bin/sh;
			shellScript = "diff \"${PODS_PODFILE_DIR_PATH}/Podfile.lock\" \"${PODS_ROOT}/Manifest.lock\" > /dev/null\nif [ $? != 0 ] ; then\n    # print error to STDERR\n    echo \"error: The sandbox is not in sync with the Podfile.lock. Run 'pod install' or update your CocoaPods installation.\" >&2\n    exit 1\nfi\n# This output is used by Xcode 'outputs' to avoid re-running this script phase.\necho \"SUCCESS\" > \"${SCRIPT_OUTPUT_FILE_0}\"\n";
			showEnvVarsInLog = 0;
		};
/* End PBXShellScriptBuildPhase section */

/* Begin PBXSourcesBuildPhase section */
		EAE11C93273CF2400020B8EB /* Sources */ = {
			isa = PBXSourcesBuildPhase;
			buildActionMask = 2147483647;
			files = (
				B1B8AF072750000300FAE22E /* Booking.swift in Sources */,
				B1B7CDDF27607B7400AD9965 /* password reset.swift in Sources */,
				B195B984274D53B6005274B6 /* Settingview.swift in Sources */,
				EAE11C9D273CF2400020B8EB /* ContentView.swift in Sources */,
				EAE11C9B273CF2400020B8EB /* NIBM_ParkingApp.swift in Sources */,
				B100267F274F2EA500906922 /* HomeView.swift in Sources */,
				B1002671274EB0CF00906922 /* Home.swift in Sources */,
				B1002679274F2C2C00906922 /* SignIn.swift in Sources */,
				B100267B274F2DA300906922 /* AuthView.swift in Sources */,
				B1002681274F2F6B00906922 /* UserModel.swift in Sources */,
				B100267D274F2E4700906922 /* SignUp.swift in Sources */,
			);
			runOnlyForDeploymentPostprocessing = 0;
		};
		EAE11CA3273CF2420020B8EB /* Sources */ = {
			isa = PBXSourcesBuildPhase;
			buildActionMask = 2147483647;
			files = (
				B195B985274D53B6005274B6 /* Settingview.swift in Sources */,
				EAE11CAC273CF2420020B8EB /* NIBM_ParkingTests.swift in Sources */,
			);
			runOnlyForDeploymentPostprocessing = 0;
		};
		EAE11CAD273CF2420020B8EB /* Sources */ = {
			isa = PBXSourcesBuildPhase;
			buildActionMask = 2147483647;
			files = (
				B195B986274D53B6005274B6 /* Settingview.swift in Sources */,
				EAE11CB6273CF2420020B8EB /* NIBM_ParkingUITests.swift in Sources */,
				EAE11CB8273CF2420020B8EB /* NIBM_ParkingUITestsLaunchTests.swift in Sources */,
			);
			runOnlyForDeploymentPostprocessing = 0;
		};
/* End PBXSourcesBuildPhase section */

/* Begin PBXTargetDependency section */
		EAE11CA9273CF2420020B8EB /* PBXTargetDependency */ = {
			isa = PBXTargetDependency;
			target = EAE11C96273CF2400020B8EB /* NIBM Parking */;
			targetProxy = EAE11CA8273CF2420020B8EB /* PBXContainerItemProxy */;
		};
		EAE11CB3273CF2420020B8EB /* PBXTargetDependency */ = {
			isa = PBXTargetDependency;
			target = EAE11C96273CF2400020B8EB /* NIBM Parking */;
			targetProxy = EAE11CB2273CF2420020B8EB /* PBXContainerItemProxy */;
		};
/* End PBXTargetDependency section */

/* Begin XCBuildConfiguration section */
		EAE11CB9273CF2420020B8EB /* Debug */ = {
			isa = XCBuildConfiguration;
			buildSettings = {
				ALWAYS_SEARCH_USER_PATHS = NO;
				CLANG_ANALYZER_NONNULL = YES;
				CLANG_ANALYZER_NUMBER_OBJECT_CONVERSION = YES_AGGRESSIVE;
				CLANG_CXX_LANGUAGE_STANDARD = "gnu++17";
				CLANG_CXX_LIBRARY = "libc++";
				CLANG_ENABLE_MODULES = YES;
				CLANG_ENABLE_OBJC_ARC = YES;
				CLANG_ENABLE_OBJC_WEAK = YES;
				CLANG_WARN_BLOCK_CAPTURE_AUTORELEASING = YES;
				CLANG_WARN_BOOL_CONVERSION = YES;
				CLANG_WARN_COMMA = YES;
				CLANG_WARN_CONSTANT_CONVERSION = YES;
				CLANG_WARN_DEPRECATED_OBJC_IMPLEMENTATIONS = YES;
				CLANG_WARN_DIRECT_OBJC_ISA_USAGE = YES_ERROR;
				CLANG_WARN_DOCUMENTATION_COMMENTS = YES;
				CLANG_WARN_EMPTY_BODY = YES;
				CLANG_WARN_ENUM_CONVERSION = YES;
				CLANG_WARN_INFINITE_RECURSION = YES;
				CLANG_WARN_INT_CONVERSION = YES;
				CLANG_WARN_NON_LITERAL_NULL_CONVERSION = YES;
				CLANG_WARN_OBJC_IMPLICIT_RETAIN_SELF = YES;
				CLANG_WARN_OBJC_LITERAL_CONVERSION = YES;
				CLANG_WARN_OBJC_ROOT_CLASS = YES_ERROR;
				CLANG_WARN_QUOTED_INCLUDE_IN_FRAMEWORK_HEADER = YES;
				CLANG_WARN_RANGE_LOOP_ANALYSIS = YES;
				CLANG_WARN_STRICT_PROTOTYPES = YES;
				CLANG_WARN_SUSPICIOUS_MOVE = YES;
				CLANG_WARN_UNGUARDED_AVAILABILITY = YES_AGGRESSIVE;
				CLANG_WARN_UNREACHABLE_CODE = YES;
				CLANG_WARN__DUPLICATE_METHOD_MATCH = YES;
				COPY_PHASE_STRIP = NO;
				DEBUG_INFORMATION_FORMAT = dwarf;
				ENABLE_STRICT_OBJC_MSGSEND = YES;
				ENABLE_TESTABILITY = YES;
				GCC_C_LANGUAGE_STANDARD = gnu11;
				GCC_DYNAMIC_NO_PIC = NO;
				GCC_NO_COMMON_BLOCKS = YES;
				GCC_OPTIMIZATION_LEVEL = 0;
				GCC_PREPROCESSOR_DEFINITIONS = (
					"DEBUG=1",
					"$(inherited)",
				);
				GCC_WARN_64_TO_32_BIT_CONVERSION = YES;
				GCC_WARN_ABOUT_RETURN_TYPE = YES_ERROR;
				GCC_WARN_UNDECLARED_SELECTOR = YES;
				GCC_WARN_UNINITIALIZED_AUTOS = YES_AGGRESSIVE;
				GCC_WARN_UNUSED_FUNCTION = YES;
				GCC_WARN_UNUSED_VARIABLE = YES;
				IPHONEOS_DEPLOYMENT_TARGET = 15.0;
				MTL_ENABLE_DEBUG_INFO = INCLUDE_SOURCE;
				MTL_FAST_MATH = YES;
				ONLY_ACTIVE_ARCH = YES;
				SDKROOT = iphoneos;
				SWIFT_ACTIVE_COMPILATION_CONDITIONS = DEBUG;
				SWIFT_OPTIMIZATION_LEVEL = "-Onone";
			};
			name = Debug;
		};
		EAE11CBA273CF2420020B8EB /* Release */ = {
			isa = XCBuildConfiguration;
			buildSettings = {
				ALWAYS_SEARCH_USER_PATHS = NO;
				CLANG_ANALYZER_NONNULL = YES;
				CLANG_ANALYZER_NUMBER_OBJECT_CONVERSION = YES_AGGRESSIVE;
				CLANG_CXX_LANGUAGE_STANDARD = "gnu++17";
				CLANG_CXX_LIBRARY = "libc++";
				CLANG_ENABLE_MODULES = YES;
				CLANG_ENABLE_OBJC_ARC = YES;
				CLANG_ENABLE_OBJC_WEAK = YES;
				CLANG_WARN_BLOCK_CAPTURE_AUTORELEASING = YES;
				CLANG_WARN_BOOL_CONVERSION = YES;
				CLANG_WARN_COMMA = YES;
				CLANG_WARN_CONSTANT_CONVERSION = YES;
				CLANG_WARN_DEPRECATED_OBJC_IMPLEMENTATIONS = YES;
				CLANG_WARN_DIRECT_OBJC_ISA_USAGE = YES_ERROR;
				CLANG_WARN_DOCUMENTATION_COMMENTS = YES;
				CLANG_WARN_EMPTY_BODY = YES;
				CLANG_WARN_ENUM_CONVERSION = YES;
				CLANG_WARN_INFINITE_RECURSION = YES;
				CLANG_WARN_INT_CONVERSION = YES;
				CLANG_WARN_NON_LITERAL_NULL_CONVERSION = YES;
				CLANG_WARN_OBJC_IMPLICIT_RETAIN_SELF = YES;
				CLANG_WARN_OBJC_LITERAL_CONVERSION = YES;
				CLANG_WARN_OBJC_ROOT_CLASS = YES_ERROR;
				CLANG_WARN_QUOTED_INCLUDE_IN_FRAMEWORK_HEADER = YES;
				CLANG_WARN_RANGE_LOOP_ANALYSIS = YES;
				CLANG_WARN_STRICT_PROTOTYPES = YES;
				CLANG_WARN_SUSPICIOUS_MOVE = YES;
				CLANG_WARN_UNGUARDED_AVAILABILITY = YES_AGGRESSIVE;
				CLANG_WARN_UNREACHABLE_CODE = YES;
				CLANG_WARN__DUPLICATE_METHOD_MATCH = YES;
				COPY_PHASE_STRIP = NO;
				DEBUG_INFORMATION_FORMAT = "dwarf-with-dsym";
				ENABLE_NS_ASSERTIONS = NO;
				ENABLE_STRICT_OBJC_MSGSEND = YES;
				GCC_C_LANGUAGE_STANDARD = gnu11;
				GCC_NO_COMMON_BLOCKS = YES;
				GCC_WARN_64_TO_32_BIT_CONVERSION = YES;
				GCC_WARN_ABOUT_RETURN_TYPE = YES_ERROR;
				GCC_WARN_UNDECLARED_SELECTOR = YES;
				GCC_WARN_UNINITIALIZED_AUTOS = YES_AGGRESSIVE;
				GCC_WARN_UNUSED_FUNCTION = YES;
				GCC_WARN_UNUSED_VARIABLE = YES;
				IPHONEOS_DEPLOYMENT_TARGET = 15.0;
				MTL_ENABLE_DEBUG_INFO = NO;
				MTL_FAST_MATH = YES;
				SDKROOT = iphoneos;
				SWIFT_COMPILATION_MODE = wholemodule;
				SWIFT_OPTIMIZATION_LEVEL = "-O";
				VALIDATE_PRODUCT = YES;
			};
			name = Release;
		};
		EAE11CBC273CF2420020B8EB /* Debug */ = {
			isa = XCBuildConfiguration;
			baseConfigurationReference = 28E72CA119319D3B043243F1 /* Pods-NIBM Parking.debug.xcconfig */;
			buildSettings = {
				ASSETCATALOG_COMPILER_APPICON_NAME = AppIcon;
				ASSETCATALOG_COMPILER_GLOBAL_ACCENT_COLOR_NAME = AccentColor;
				CODE_SIGN_STYLE = Automatic;
				CURRENT_PROJECT_VERSION = 1;
				DEVELOPMENT_ASSET_PATHS = "\"NIBM Parking/Preview Content\"";
				DEVELOPMENT_TEAM = 75VX4FQSWP;
				ENABLE_PREVIEWS = YES;
				GENERATE_INFOPLIST_FILE = YES;
				INFOPLIST_FILE = "NIBM-Parking-Info.plist";
				INFOPLIST_KEY_LSApplicationCategoryType = "";
				INFOPLIST_KEY_NSCameraUsageDescription = "We need the camera to Scan QR Codes";
				INFOPLIST_KEY_UIApplicationSceneManifest_Generation = YES;
				INFOPLIST_KEY_UIApplicationSupportsIndirectInputEvents = YES;
				INFOPLIST_KEY_UILaunchScreen_Generation = YES;
				INFOPLIST_KEY_UILaunchStoryboardName = "Launch Screen";
				INFOPLIST_KEY_UISupportedInterfaceOrientations_iPad = "UIInterfaceOrientationPortrait UIInterfaceOrientationPortraitUpsideDown UIInterfaceOrientationLandscapeLeft UIInterfaceOrientationLandscapeRight";
				INFOPLIST_KEY_UISupportedInterfaceOrientations_iPhone = "UIInterfaceOrientationPortrait UIInterfaceOrientationLandscapeLeft UIInterfaceOrientationLandscapeRight";
				INFOPLIST_KEY_UIUserInterfaceStyle = Light;
				LD_RUNPATH_SEARCH_PATHS = (
					"$(inherited)",
					"@executable_path/Frameworks",
				);
				MARKETING_VERSION = 1.0;
				PRODUCT_BUNDLE_IDENTIFIER = "com.cobsccomp201p-010.NIBM-Parking";
				PRODUCT_NAME = "$(TARGET_NAME)";
				SWIFT_EMIT_LOC_STRINGS = YES;
				SWIFT_VERSION = 5.0;
				TARGETED_DEVICE_FAMILY = "1,2";
			};
			name = Debug;
		};
		EAE11CBD273CF2420020B8EB /* Release */ = {
			isa = XCBuildConfiguration;
			baseConfigurationReference = B3AA069F79F624332B993DF0 /* Pods-NIBM Parking.release.xcconfig */;
			buildSettings = {
				ASSETCATALOG_COMPILER_APPICON_NAME = AppIcon;
				ASSETCATALOG_COMPILER_GLOBAL_ACCENT_COLOR_NAME = AccentColor;
				CODE_SIGN_STYLE = Automatic;
				CURRENT_PROJECT_VERSION = 1;
				DEVELOPMENT_ASSET_PATHS = "\"NIBM Parking/Preview Content\"";
				DEVELOPMENT_TEAM = 75VX4FQSWP;
				ENABLE_PREVIEWS = YES;
				GENERATE_INFOPLIST_FILE = YES;
				INFOPLIST_FILE = "NIBM-Parking-Info.plist";
				INFOPLIST_KEY_LSApplicationCategoryType = "";
				INFOPLIST_KEY_NSCameraUsageDescription = "We need the camera to Scan QR Codes";
				INFOPLIST_KEY_UIApplicationSceneManifest_Generation = YES;
				INFOPLIST_KEY_UIApplicationSupportsIndirectInputEvents = YES;
				INFOPLIST_KEY_UILaunchScreen_Generation = YES;
				INFOPLIST_KEY_UILaunchStoryboardName = "Launch Screen";
				INFOPLIST_KEY_UISupportedInterfaceOrientations_iPad = "UIInterfaceOrientationPortrait UIInterfaceOrientationPortraitUpsideDown UIInterfaceOrientationLandscapeLeft UIInterfaceOrientationLandscapeRight";
				INFOPLIST_KEY_UISupportedInterfaceOrientations_iPhone = "UIInterfaceOrientationPortrait UIInterfaceOrientationLandscapeLeft UIInterfaceOrientationLandscapeRight";
				INFOPLIST_KEY_UIUserInterfaceStyle = Light;
				LD_RUNPATH_SEARCH_PATHS = (
					"$(inherited)",
					"@executable_path/Frameworks",
				);
				MARKETING_VERSION = 1.0;
				PRODUCT_BUNDLE_IDENTIFIER = "com.cobsccomp201p-010.NIBM-Parking";
				PRODUCT_NAME = "$(TARGET_NAME)";
				SWIFT_EMIT_LOC_STRINGS = YES;
				SWIFT_VERSION = 5.0;
				TARGETED_DEVICE_FAMILY = "1,2";
			};
			name = Release;
		};
		EAE11CBF273CF2420020B8EB /* Debug */ = {
			isa = XCBuildConfiguration;
			baseConfigurationReference = 3BC62746750590EB8D1C28E4 /* Pods-NIBM ParkingTests.debug.xcconfig */;
			buildSettings = {
				ALWAYS_EMBED_SWIFT_STANDARD_LIBRARIES = YES;
				BUNDLE_LOADER = "$(TEST_HOST)";
				CODE_SIGN_STYLE = Automatic;
				CURRENT_PROJECT_VERSION = 1;
				DEVELOPMENT_TEAM = 75VX4FQSWP;
				GENERATE_INFOPLIST_FILE = YES;
				IPHONEOS_DEPLOYMENT_TARGET = 15.0;
				LD_RUNPATH_SEARCH_PATHS = (
					"$(inherited)",
					"@executable_path/Frameworks",
					"@loader_path/Frameworks",
				);
				MARKETING_VERSION = 1.0;
				PRODUCT_BUNDLE_IDENTIFIER = "com.cobsccomp201p-010.NIBM-ParkingTests";
				PRODUCT_NAME = "$(TARGET_NAME)";
				SWIFT_EMIT_LOC_STRINGS = NO;
				SWIFT_VERSION = 5.0;
				TARGETED_DEVICE_FAMILY = "1,2";
				TEST_HOST = "$(BUILT_PRODUCTS_DIR)/NIBM Parking.app/NIBM Parking";
			};
			name = Debug;
		};
		EAE11CC0273CF2420020B8EB /* Release */ = {
			isa = XCBuildConfiguration;
			baseConfigurationReference = 0DC48ECF1136738B631BBCC0 /* Pods-NIBM ParkingTests.release.xcconfig */;
			buildSettings = {
				ALWAYS_EMBED_SWIFT_STANDARD_LIBRARIES = YES;
				BUNDLE_LOADER = "$(TEST_HOST)";
				CODE_SIGN_STYLE = Automatic;
				CURRENT_PROJECT_VERSION = 1;
				DEVELOPMENT_TEAM = 75VX4FQSWP;
				GENERATE_INFOPLIST_FILE = YES;
				IPHONEOS_DEPLOYMENT_TARGET = 15.0;
				LD_RUNPATH_SEARCH_PATHS = (
					"$(inherited)",
					"@executable_path/Frameworks",
					"@loader_path/Frameworks",
				);
				MARKETING_VERSION = 1.0;
				PRODUCT_BUNDLE_IDENTIFIER = "com.cobsccomp201p-010.NIBM-ParkingTests";
				PRODUCT_NAME = "$(TARGET_NAME)";
				SWIFT_EMIT_LOC_STRINGS = NO;
				SWIFT_VERSION = 5.0;
				TARGETED_DEVICE_FAMILY = "1,2";
				TEST_HOST = "$(BUILT_PRODUCTS_DIR)/NIBM Parking.app/NIBM Parking";
			};
			name = Release;
		};
		EAE11CC2273CF2420020B8EB /* Debug */ = {
			isa = XCBuildConfiguration;
			baseConfigurationReference = BFDCA4BBD4D4B37DD6DF6D8D /* Pods-NIBM Parking-NIBM ParkingUITests.debug.xcconfig */;
			buildSettings = {
				ALWAYS_EMBED_SWIFT_STANDARD_LIBRARIES = YES;
				CODE_SIGN_STYLE = Automatic;
				CURRENT_PROJECT_VERSION = 1;
				DEVELOPMENT_TEAM = 75VX4FQSWP;
				GENERATE_INFOPLIST_FILE = YES;
				LD_RUNPATH_SEARCH_PATHS = (
					"$(inherited)",
					"@executable_path/Frameworks",
					"@loader_path/Frameworks",
				);
				MARKETING_VERSION = 1.0;
				PRODUCT_BUNDLE_IDENTIFIER = "com.cobsccomp201p-010.NIBM-ParkingUITests";
				PRODUCT_NAME = "$(TARGET_NAME)";
				SWIFT_EMIT_LOC_STRINGS = NO;
				SWIFT_VERSION = 5.0;
				TARGETED_DEVICE_FAMILY = "1,2";
				TEST_TARGET_NAME = "NIBM Parking";
			};
			name = Debug;
		};
		EAE11CC3273CF2420020B8EB /* Release */ = {
			isa = XCBuildConfiguration;
			baseConfigurationReference = EE156A346AA8ACB071E4B989 /* Pods-NIBM Parking-NIBM ParkingUITests.release.xcconfig */;
			buildSettings = {
				ALWAYS_EMBED_SWIFT_STANDARD_LIBRARIES = YES;
				CODE_SIGN_STYLE = Automatic;
				CURRENT_PROJECT_VERSION = 1;
				DEVELOPMENT_TEAM = 75VX4FQSWP;
				GENERATE_INFOPLIST_FILE = YES;
				LD_RUNPATH_SEARCH_PATHS = (
					"$(inherited)",
					"@executable_path/Frameworks",
					"@loader_path/Frameworks",
				);
				MARKETING_VERSION = 1.0;
				PRODUCT_BUNDLE_IDENTIFIER = "com.cobsccomp201p-010.NIBM-ParkingUITests";
				PRODUCT_NAME = "$(TARGET_NAME)";
				SWIFT_EMIT_LOC_STRINGS = NO;
				SWIFT_VERSION = 5.0;
				TARGETED_DEVICE_FAMILY = "1,2";
				TEST_TARGET_NAME = "NIBM Parking";
			};
			name = Release;
		};
/* End XCBuildConfiguration section */

/* Begin XCConfigurationList section */
		EAE11C92273CF2400020B8EB /* Build configuration list for PBXProject "NIBM Parking" */ = {
			isa = XCConfigurationList;
			buildConfigurations = (
				EAE11CB9273CF2420020B8EB /* Debug */,
				EAE11CBA273CF2420020B8EB /* Release */,
			);
			defaultConfigurationIsVisible = 0;
			defaultConfigurationName = Release;
		};
		EAE11CBB273CF2420020B8EB /* Build configuration list for PBXNativeTarget "NIBM Parking" */ = {
			isa = XCConfigurationList;
			buildConfigurations = (
				EAE11CBC273CF2420020B8EB /* Debug */,
				EAE11CBD273CF2420020B8EB /* Release */,
			);
			defaultConfigurationIsVisible = 0;
			defaultConfigurationName = Release;
		};
		EAE11CBE273CF2420020B8EB /* Build configuration list for PBXNativeTarget "NIBM ParkingTests" */ = {
			isa = XCConfigurationList;
			buildConfigurations = (
				EAE11CBF273CF2420020B8EB /* Debug */,
				EAE11CC0273CF2420020B8EB /* Release */,
			);
			defaultConfigurationIsVisible = 0;
			defaultConfigurationName = Release;
		};
		EAE11CC1273CF2420020B8EB /* Build configuration list for PBXNativeTarget "NIBM ParkingUITests" */ = {
			isa = XCConfigurationList;
			buildConfigurations = (
				EAE11CC2273CF2420020B8EB /* Debug */,
				EAE11CC3273CF2420020B8EB /* Release */,
			);
			defaultConfigurationIsVisible = 0;
			defaultConfigurationName = Release;
		};
/* End XCConfigurationList section */

/* Begin XCRemoteSwiftPackageReference section */
		B195B980274D286B005274B6 /* XCRemoteSwiftPackageReference "CodeScanner" */ = {
			isa = XCRemoteSwiftPackageReference;
			repositoryURL = "https://github.com/twostraws/CodeScanner";
			requirement = {
				kind = upToNextMajorVersion;
				minimumVersion = 1.0.0;
			};
		};
/* End XCRemoteSwiftPackageReference section */

/* Begin XCSwiftPackageProductDependency section */
		B195B981274D286B005274B6 /* CodeScanner */ = {
			isa = XCSwiftPackageProductDependency;
			package = B195B980274D286B005274B6 /* XCRemoteSwiftPackageReference "CodeScanner" */;
			productName = CodeScanner;
		};
/* End XCSwiftPackageProductDependency section */
	};
	rootObject = EAE11C8F273CF2400020B8EB /* Project object */;
}
